# THIS IS AN AUTOGENERATED FILE. DO NOT EDIT THIS FILE DIRECTLY.
# yarn lockfile v1


mp4-wasm@^1.0.6:
  version "1.0.6"
  resolved "https://registry.yarnpkg.com/mp4-wasm/-/mp4-wasm-1.0.6.tgz#8a9a3d58ab8ee41762fc14080a972a51b3f01846"
  integrity sha512-iXVP+YK/aLDkdl9Iy+QQgAYL5/dxEDA1+uYEBW6heEYJkg6gkTGgD2Sz4hciryqr2kJoDCRGfPmgH0A1WHMULQ==

node-gyp-build@4.x.x:
  version "4.8.1"
  resolved "https://registry.yarnpkg.com/node-gyp-build/-/node-gyp-build-4.8.1.tgz#976d3ad905e71b76086f4f0b0d3637fe79b6cda5"
  integrity sha512-OSs33Z9yWr148JZcbZd5WiAXhh/n9z8TxQcdMhIOlpN9AhWpLfvVFO73+m77bBABQMaY9XSvIa+qk0jlI7Gcaw==

uiohook-napi@^1.5.4:
  version "1.5.4"
  resolved "https://registry.yarnpkg.com/uiohook-napi/-/uiohook-napi-1.5.4.tgz#8838918c87339f183e606db90288fdbf0581f946"
  integrity sha512-7vPVDNwgb6MwTgviA/dnF2MrW0X5xm76fAqaOAC3cEKkswqAZOPw1USu14Sr6383s5qhXegcJaR63CpJOPCNAg==
  dependencies:
    node-gyp-build "4.x.x"
